
Microsoft Visual Studio Solution File, Format Version 12.00
# Visual Studio Version 16
VisualStudioVersion = 16.0.31515.178
MinimumVisualStudioVersion = 10.0.40219.1
Project("{9A19103F-16F7-4668-BE54-9A1E7A4F7556}") = "Program-Person", "Program-Person.csproj", "{495575C0-5B6A-45C6-BDAD-F88848AE530F}"
EndProject
Global
	GlobalSection(SolutionConfigurationPlatforms) = preSolution
		Debug|Any CPU = Debug|Any CPU
		Release|Any CPU = Release|Any CPU
	EndGlobalSection
	GlobalSection(ProjectConfigurationPlatforms) = postSolution
		{495575C0-5B6A-45C6-BDAD-F88848AE530F}.Debug|Any CPU.ActiveCfg = Debug|Any CPU
		{495575C0-5B6A-45C6-BDAD-F88848AE530F}.Debug|Any CPU.Build.0 = Debug|Any CPU
		{495575C0-5B6A-45C6-BDAD-F88848AE530F}.Release|Any CPU.ActiveCfg = Release|Any CPU
		{495575C0-5B6A-45C6-BDAD-F88848AE530F}.Release|Any CPU.Build.0 = Release|Any CPU
	EndGlobalSection
	GlobalSection(SolutionProperties) = preSolution
		HideSolutionNode = FALSE
	EndGlobalSection
	GlobalSection(ExtensibilityGlobals) = postSolution
		SolutionGuid = {85131F2E-0DDB-4A51-901E-4F3BCC9ADE96}
	EndGlobalSection
EndGlobal
