
Microsoft Visual Studio Solution File, Format Version 12.00
# Visual Studio Version 16
VisualStudioVersion = 16.0.31515.178
MinimumVisualStudioVersion = 10.0.40219.1
Project("{FAE04EC0-301F-11D3-BF4B-00C04F79EFBC}") = "BOM", "BOM\BOM.csproj", "{49BE4209-03D5-4A60-BD57-550173C081BE}"
EndProject
Global
	GlobalSection(SolutionConfigurationPlatforms) = preSolution
		Debug|Any CPU = Debug|Any CPU
		Release|Any CPU = Release|Any CPU
	EndGlobalSection
	GlobalSection(ProjectConfigurationPlatforms) = postSolution
		{49BE4209-03D5-4A60-BD57-550173C081BE}.Debug|Any CPU.ActiveCfg = Debug|Any CPU
		{49BE4209-03D5-4A60-BD57-550173C081BE}.Debug|Any CPU.Build.0 = Debug|Any CPU
		{49BE4209-03D5-4A60-BD57-550173C081BE}.Release|Any CPU.ActiveCfg = Release|Any CPU
		{49BE4209-03D5-4A60-BD57-550173C081BE}.Release|Any CPU.Build.0 = Release|Any CPU
	EndGlobalSection
	GlobalSection(SolutionProperties) = preSolution
		HideSolutionNode = FALSE
	EndGlobalSection
	GlobalSection(ExtensibilityGlobals) = postSolution
		SolutionGuid = {A4311F64-D4C4-44DF-9485-5E9048C2D974}
	EndGlobalSection
EndGlobal
